<?xml version="1.0" encoding="UTF-8" standalone="yes" ?>
<CodeBlocks_project_file>
	<FileVersion major="1" minor="6" />
	<Project>
		<Option title="pureBitcoin" />
		<Option pch_mode="2" />
		<Option compiler="gcc" />
		<Build>
			<Target title="Debug">
				<Option output="bin/Debug/pureBitcoin" prefix_auto="1" extension_auto="1" />
				<Option object_output="obj/Debug/" />
				<Option type="1" />
				<Option compiler="gcc" />
				<Compiler>
					<Add option="-pedantic" />
					<Add option="-std=c++11" />
					<Add option="-pg" />
					<Add option="-g" />
					<Add directory="include" />
				</Compiler>
				<Linker>
					<Add option="-pg -lgmon" />
					<Add library="..\boost\build\boost\bin.v2\libs\test\build\gcc-mingw-4.8.1\debug\link-static\threading-multi\libboost_unit_test_framework-mgw48-mt-d-1_55.a" />
				</Linker>
			</Target>
			<Target title="Release">
				<Option output="bin/Release/pureBitcoin" prefix_auto="1" extension_auto="1" />
				<Option object_output="obj/Release/" />
				<Option type="1" />
				<Option compiler="gcc" />
				<Compiler>
					<Add option="-fexpensive-optimizations" />
					<Add option="-O3" />
					<Add directory="include" />
				</Compiler>
				<Linker>
					<Add option="-s" />
					<Add library="..\boost\build\boost\bin.v2\libs\test\build\gcc-mingw-4.8.1\release\link-static\threading-multi\libboost_unit_test_framework-mgw48-mt-1_55.a" />
				</Linker>
			</Target>
			<Target title="Test">
				<Option output="bin/Release/pureBitcoin" prefix_auto="1" extension_auto="1" />
				<Option object_output="obj/Test/" />
				<Option type="1" />
				<Option compiler="gcc" />
				<Compiler>
					<Add option="-fexpensive-optimizations" />
					<Add option="-O3" />
					<Add directory="include" />
				</Compiler>
				<Linker>
					<Add library="..\boost\build\boost\bin.v2\libs\test\build\gcc-mingw-4.8.1\release\link-static\threading-multi\libboost_unit_test_framework-mgw48-mt-1_55.a" />
				</Linker>
			</Target>
		</Build>
		<Compiler>
			<Add option="-pedantic" />
			<Add option="-std=c++11" />
			<Add option="-Wextra" />
			<Add option="-Wall" />
			<Add option="-fexceptions" />
			<Add directory="../boost/boost" />
		</Compiler>
		<Unit filename="include/CByteStream.h" />
		<Unit filename="include/CCompactUInt.h" />
		<Unit filename="include/CIP6.h" />
		<Unit filename="include/NEndian.h" />
		<Unit filename="include/NHash.h" />
		<Unit filename="main.cpp">
			<Option target="Debug" />
			<Option target="Release" />
		</Unit>
		<Unit filename="src/CByteStream.cpp" />
		<Unit filename="src/CCompactUInt.cpp" />
		<Unit filename="src/CIP6.cpp" />
		<Unit filename="src/NEndian.cpp" />
		<Unit filename="src/NHash_SHA256.cpp" />
		<Unit filename="test/CByteStream_tests.cpp">
			<Option target="Test" />
		</Unit>
		<Unit filename="test/CCompactUInt_tests.cpp">
			<Option target="Test" />
		</Unit>
		<Unit filename="test/CIP6_tests.cpp">
			<Option target="Test" />
		</Unit>
		<Unit filename="test/NHash_SHA256_tests.cpp">
			<Option target="Test" />
		</Unit>
		<Unit filename="test/pureBitcoin_tests.cpp">
			<Option target="Test" />
		</Unit>
		<Extensions>
			<code_completion />
			<envvars />
			<debugger />
			<lib_finder disable_auto="1" />
			<DoxyBlocks>
				<comment_style block="5" line="2" />
				<doxyfile_project />
				<doxyfile_build />
				<doxyfile_warnings />
				<doxyfile_output />
				<doxyfile_dot />
				<general />
			</DoxyBlocks>
		</Extensions>
	</Project>
</CodeBlocks_project_file>
